Microsoft Visual Studio Solution File, Format Version 12.00
# Visual Studio Version 17
VisualStudioVersion = 17.5.2.0
MinimumVisualStudioVersion = 10.0.40219.1
Project("{FAE04EC0-301F-11D3-BF4B-00C04F79EFBC}") = "NewsFetcherAPI", "src\NewsFetcher.Api\NewsFetcherAPI.csproj", "{A7465699-C58E-3CB8-E300-EEEDD0D87042}"
EndProject
Global
	GlobalSection(SolutionConfigurationPlatforms) = preSolution
		Debug|Any CPU = Debug|Any CPU
		Release|Any CPU = Release|Any CPU
	EndGlobalSection
	GlobalSection(ProjectConfigurationPlatforms) = postSolution
		{A7465699-C58E-3CB8-E300-EEEDD0D87042}.Debug|Any CPU.ActiveCfg = Debug|Any CPU
		{A7465699-C58E-3CB8-E300-EEEDD0D87042}.Debug|Any CPU.Build.0 = Debug|Any CPU
		{A7465699-C58E-3CB8-E300-EEEDD0D87042}.Release|Any CPU.ActiveCfg = Release|Any CPU
		{A7465699-C58E-3CB8-E300-EEEDD0D87042}.Release|Any CPU.Build.0 = Release|Any CPU
	EndGlobalSection
	GlobalSection(SolutionProperties) = preSolution
		HideSolutionNode = FALSE
	EndGlobalSection
	GlobalSection(ExtensibilityGlobals) = postSolution
		SolutionGuid = {F18EC309-7128-471D-8B93-670B1320F074}
	EndGlobalSection
EndGlobal
