
Microsoft Visual Studio Solution File, Format Version 12.00
# Visual Studio Version 17
VisualStudioVersion = 17.5.2.0
MinimumVisualStudioVersion = 10.0.40219.1
Project("{FAE04EC0-301F-11D3-BF4B-00C04F79EFBC}") = "NewsFetcherAPI", "src\NewsFetcher.Api\NewsFetcherAPI.csproj", "{A7465699-C58E-3CB8-E300-EEEDD0D87042}"
EndProject
Project("{FAE04EC0-301F-11D3-BF4B-00C04F79EFBC}") = "NewsFetcherAPI.Tests", "tests\NewsFetcherAPI.UnitTests\NewsFetcherAPI.Tests.csproj", "{FE7EFB26-9DA9-441D-8CD9-1DC2520D493D}"
EndProject
Global
	GlobalSection(SolutionConfigurationPlatforms) = preSolution
		Debug|Any CPU = Debug|Any CPU
		Debug|x64 = Debug|x64
		Debug|x86 = Debug|x86
		Release|Any CPU = Release|Any CPU
		Release|x64 = Release|x64
		Release|x86 = Release|x86
	EndGlobalSection
	GlobalSection(ProjectConfigurationPlatforms) = postSolution
		{A7465699-C58E-3CB8-E300-EEEDD0D87042}.Debug|Any CPU.ActiveCfg = Debug|Any CPU
		{A7465699-C58E-3CB8-E300-EEEDD0D87042}.Debug|Any CPU.Build.0 = Debug|Any CPU
		{A7465699-C58E-3CB8-E300-EEEDD0D87042}.Debug|x64.ActiveCfg = Debug|Any CPU
		{A7465699-C58E-3CB8-E300-EEEDD0D87042}.Debug|x64.Build.0 = Debug|Any CPU
		{A7465699-C58E-3CB8-E300-EEEDD0D87042}.Debug|x86.ActiveCfg = Debug|Any CPU
		{A7465699-C58E-3CB8-E300-EEEDD0D87042}.Debug|x86.Build.0 = Debug|Any CPU
		{A7465699-C58E-3CB8-E300-EEEDD0D87042}.Release|Any CPU.ActiveCfg = Release|Any CPU
		{A7465699-C58E-3CB8-E300-EEEDD0D87042}.Release|Any CPU.Build.0 = Release|Any CPU
		{A7465699-C58E-3CB8-E300-EEEDD0D87042}.Release|x64.ActiveCfg = Release|Any CPU
		{A7465699-C58E-3CB8-E300-EEEDD0D87042}.Release|x64.Build.0 = Release|Any CPU
		{A7465699-C58E-3CB8-E300-EEEDD0D87042}.Release|x86.ActiveCfg = Release|Any CPU
		{A7465699-C58E-3CB8-E300-EEEDD0D87042}.Release|x86.Build.0 = Release|Any CPU
		{FE7EFB26-9DA9-441D-8CD9-1DC2520D493D}.Debug|Any CPU.ActiveCfg = Debug|Any CPU
		{FE7EFB26-9DA9-441D-8CD9-1DC2520D493D}.Debug|Any CPU.Build.0 = Debug|Any CPU
		{FE7EFB26-9DA9-441D-8CD9-1DC2520D493D}.Debug|x64.ActiveCfg = Debug|Any CPU
		{FE7EFB26-9DA9-441D-8CD9-1DC2520D493D}.Debug|x64.Build.0 = Debug|Any CPU
		{FE7EFB26-9DA9-441D-8CD9-1DC2520D493D}.Debug|x86.ActiveCfg = Debug|Any CPU
		{FE7EFB26-9DA9-441D-8CD9-1DC2520D493D}.Debug|x86.Build.0 = Debug|Any CPU
		{FE7EFB26-9DA9-441D-8CD9-1DC2520D493D}.Release|Any CPU.ActiveCfg = Release|Any CPU
		{FE7EFB26-9DA9-441D-8CD9-1DC2520D493D}.Release|Any CPU.Build.0 = Release|Any CPU
		{FE7EFB26-9DA9-441D-8CD9-1DC2520D493D}.Release|x64.ActiveCfg = Release|Any CPU
		{FE7EFB26-9DA9-441D-8CD9-1DC2520D493D}.Release|x64.Build.0 = Release|Any CPU
		{FE7EFB26-9DA9-441D-8CD9-1DC2520D493D}.Release|x86.ActiveCfg = Release|Any CPU
		{FE7EFB26-9DA9-441D-8CD9-1DC2520D493D}.Release|x86.Build.0 = Release|Any CPU
	EndGlobalSection
	GlobalSection(SolutionProperties) = preSolution
		HideSolutionNode = FALSE
	EndGlobalSection
	GlobalSection(ExtensibilityGlobals) = postSolution
		SolutionGuid = {F18EC309-7128-471D-8B93-670B1320F074}
	EndGlobalSection
EndGlobal
